
Microsoft Visual Studio Solution File, Format Version 12.00
# Visual Studio Version 17
VisualStudioVersion = 17.11.35312.102
MinimumVisualStudioVersion = 10.0.40219.1
Project("{FAE04EC0-301F-11D3-BF4B-00C04F79EFBC}") = "Munka_nyilvantarto", "Munka_nyilvantarto\Munka_nyilvantarto.csproj", "{AD83A64D-08A3-468E-A9DB-8FD1453F345B}"
EndProject
Global
	GlobalSection(SolutionConfigurationPlatforms) = preSolution
		Debug|Any CPU = Debug|Any CPU
		Release|Any CPU = Release|Any CPU
	EndGlobalSection
	GlobalSection(ProjectConfigurationPlatforms) = postSolution
		{AD83A64D-08A3-468E-A9DB-8FD1453F345B}.Debug|Any CPU.ActiveCfg = Debug|Any CPU
		{AD83A64D-08A3-468E-A9DB-8FD1453F345B}.Debug|Any CPU.Build.0 = Debug|Any CPU
		{AD83A64D-08A3-468E-A9DB-8FD1453F345B}.Release|Any CPU.ActiveCfg = Release|Any CPU
		{AD83A64D-08A3-468E-A9DB-8FD1453F345B}.Release|Any CPU.Build.0 = Release|Any CPU
	EndGlobalSection
	GlobalSection(SolutionProperties) = preSolution
		HideSolutionNode = FALSE
	EndGlobalSection
	GlobalSection(ExtensibilityGlobals) = postSolution
		SolutionGuid = {9A9E0557-5333-4B75-AE88-70B6E4EF7598}
	EndGlobalSection
EndGlobal
